
Microsoft Visual Studio Solution File, Format Version 12.00
# Visual Studio Version 16
VisualStudioVersion = 16.0.30114.105
MinimumVisualStudioVersion = 10.0.40219.1
Project("{FAE04EC0-301F-11D3-BF4B-00C04F79EFBC}") = "Runtime", "Runtime\Runtime.csproj", "{D5B448CA-C9AF-4831-A4CD-FBDE59475AD3}"
EndProject
Project("{FAE04EC0-301F-11D3-BF4B-00C04F79EFBC}") = "Compiler", "Compiler\Compiler.csproj", "{FA5B793F-0730-40F3-8BAF-029229299E3B}"
EndProject
Global
	GlobalSection(SolutionConfigurationPlatforms) = preSolution
		Debug|Any CPU = Debug|Any CPU
		Release|Any CPU = Release|Any CPU
	EndGlobalSection
	GlobalSection(SolutionProperties) = preSolution
		HideSolutionNode = FALSE
	EndGlobalSection
	GlobalSection(ProjectConfigurationPlatforms) = postSolution
		{D5B448CA-C9AF-4831-A4CD-FBDE59475AD3}.Debug|Any CPU.ActiveCfg = Debug|Any CPU
		{D5B448CA-C9AF-4831-A4CD-FBDE59475AD3}.Debug|Any CPU.Build.0 = Debug|Any CPU
		{D5B448CA-C9AF-4831-A4CD-FBDE59475AD3}.Release|Any CPU.ActiveCfg = Release|Any CPU
		{D5B448CA-C9AF-4831-A4CD-FBDE59475AD3}.Release|Any CPU.Build.0 = Release|Any CPU
		{FA5B793F-0730-40F3-8BAF-029229299E3B}.Debug|Any CPU.ActiveCfg = Debug|Any CPU
		{FA5B793F-0730-40F3-8BAF-029229299E3B}.Debug|Any CPU.Build.0 = Debug|Any CPU
		{FA5B793F-0730-40F3-8BAF-029229299E3B}.Release|Any CPU.ActiveCfg = Release|Any CPU
		{FA5B793F-0730-40F3-8BAF-029229299E3B}.Release|Any CPU.Build.0 = Release|Any CPU
	EndGlobalSection
EndGlobal
